
Microsoft Visual Studio Solution File, Format Version 12.00
# Visual Studio Version 16
VisualStudioVersion = 16.0.29519.87
MinimumVisualStudioVersion = 10.0.40219.1
Project("{FAE04EC0-301F-11D3-BF4B-00C04F79EFBC}") = "sps", "sps.csproj", "{EFF7B9C7-62A5-4CEB-A7A2-5B939E7680A0}"
EndProject
Global
	GlobalSection(SolutionConfigurationPlatforms) = preSolution
		Debug|Any CPU = Debug|Any CPU
		Release|Any CPU = Release|Any CPU
	EndGlobalSection
	GlobalSection(ProjectConfigurationPlatforms) = postSolution
		{EFF7B9C7-62A5-4CEB-A7A2-5B939E7680A0}.Debug|Any CPU.ActiveCfg = Debug|Any CPU
		{EFF7B9C7-62A5-4CEB-A7A2-5B939E7680A0}.Debug|Any CPU.Build.0 = Debug|Any CPU
		{EFF7B9C7-62A5-4CEB-A7A2-5B939E7680A0}.Release|Any CPU.ActiveCfg = Release|Any CPU
		{EFF7B9C7-62A5-4CEB-A7A2-5B939E7680A0}.Release|Any CPU.Build.0 = Release|Any CPU
	EndGlobalSection
	GlobalSection(SolutionProperties) = preSolution
		HideSolutionNode = FALSE
	EndGlobalSection
	GlobalSection(ExtensibilityGlobals) = postSolution
		SolutionGuid = {EE3BE984-4C06-468D-AA1A-DCE374751257}
	EndGlobalSection
EndGlobal
